
Microsoft Visual Studio Solution File, Format Version 12.00
# Visual Studio Version 17
VisualStudioVersion = 17.8.34316.72
MinimumVisualStudioVersion = 10.0.40219.1
Project("{FAE04EC0-301F-11D3-BF4B-00C04F79EFBC}") = "CoolHelloWorld", "CoolHelloWorld.csproj", "{8A599276-BD0B-4BD0-8208-890C8B35893B}"
EndProject
Global
	GlobalSection(SolutionConfigurationPlatforms) = preSolution
		Debug|Any CPU = Debug|Any CPU
		Release|Any CPU = Release|Any CPU
	EndGlobalSection
	GlobalSection(ProjectConfigurationPlatforms) = postSolution
		{8A599276-BD0B-4BD0-8208-890C8B35893B}.Debug|Any CPU.ActiveCfg = Debug|Any CPU
		{8A599276-BD0B-4BD0-8208-890C8B35893B}.Debug|Any CPU.Build.0 = Debug|Any CPU
		{8A599276-BD0B-4BD0-8208-890C8B35893B}.Release|Any CPU.ActiveCfg = Release|Any CPU
		{8A599276-BD0B-4BD0-8208-890C8B35893B}.Release|Any CPU.Build.0 = Release|Any CPU
	EndGlobalSection
	GlobalSection(SolutionProperties) = preSolution
		HideSolutionNode = FALSE
	EndGlobalSection
	GlobalSection(ExtensibilityGlobals) = postSolution
		SolutionGuid = {BB3CBF83-3B44-4DE9-8C4D-029B49BA1ABF}
	EndGlobalSection
EndGlobal
